
Microsoft Visual Studio Solution File, Format Version 12.00
# Visual Studio Version 17
VisualStudioVersion = 17.7.34221.43
MinimumVisualStudioVersion = 10.0.40219.1
Project("{FAE04EC0-301F-11D3-BF4B-00C04F79EFBC}") = "APItraetosseforum", "APItraetosseforum.csproj", "{4374953A-6949-4B0F-9015-8ACB8AB7AEBA}"
EndProject
Project("{FAE04EC0-301F-11D3-BF4B-00C04F79EFBC}") = "BlazorForum.Server", "..\BlazorForum\Server\BlazorForum.Server.csproj", "{00BD071A-52AD-4E68-86D3-BE7339813C06}"
EndProject
Project("{FAE04EC0-301F-11D3-BF4B-00C04F79EFBC}") = "BlazorForum.Client", "..\BlazorForum\Client\BlazorForum.Client.csproj", "{1860F947-7276-4568-B95A-3567CEFF55E8}"
EndProject
Project("{FAE04EC0-301F-11D3-BF4B-00C04F79EFBC}") = "BlazorForum.Shared", "..\BlazorForum\Shared\BlazorForum.Shared.csproj", "{3E44DAF2-8A74-4E9B-A45A-EF87F02E5CA0}"
EndProject
Global
	GlobalSection(SolutionConfigurationPlatforms) = preSolution
		Debug|Any CPU = Debug|Any CPU
		Release|Any CPU = Release|Any CPU
	EndGlobalSection
	GlobalSection(ProjectConfigurationPlatforms) = postSolution
		{4374953A-6949-4B0F-9015-8ACB8AB7AEBA}.Debug|Any CPU.ActiveCfg = Debug|Any CPU
		{4374953A-6949-4B0F-9015-8ACB8AB7AEBA}.Debug|Any CPU.Build.0 = Debug|Any CPU
		{4374953A-6949-4B0F-9015-8ACB8AB7AEBA}.Release|Any CPU.ActiveCfg = Release|Any CPU
		{4374953A-6949-4B0F-9015-8ACB8AB7AEBA}.Release|Any CPU.Build.0 = Release|Any CPU
		{00BD071A-52AD-4E68-86D3-BE7339813C06}.Debug|Any CPU.ActiveCfg = Debug|Any CPU
		{00BD071A-52AD-4E68-86D3-BE7339813C06}.Debug|Any CPU.Build.0 = Debug|Any CPU
		{00BD071A-52AD-4E68-86D3-BE7339813C06}.Release|Any CPU.ActiveCfg = Release|Any CPU
		{00BD071A-52AD-4E68-86D3-BE7339813C06}.Release|Any CPU.Build.0 = Release|Any CPU
		{1860F947-7276-4568-B95A-3567CEFF55E8}.Debug|Any CPU.ActiveCfg = Debug|Any CPU
		{1860F947-7276-4568-B95A-3567CEFF55E8}.Debug|Any CPU.Build.0 = Debug|Any CPU
		{1860F947-7276-4568-B95A-3567CEFF55E8}.Release|Any CPU.ActiveCfg = Release|Any CPU
		{1860F947-7276-4568-B95A-3567CEFF55E8}.Release|Any CPU.Build.0 = Release|Any CPU
		{3E44DAF2-8A74-4E9B-A45A-EF87F02E5CA0}.Debug|Any CPU.ActiveCfg = Debug|Any CPU
		{3E44DAF2-8A74-4E9B-A45A-EF87F02E5CA0}.Debug|Any CPU.Build.0 = Debug|Any CPU
		{3E44DAF2-8A74-4E9B-A45A-EF87F02E5CA0}.Release|Any CPU.ActiveCfg = Release|Any CPU
		{3E44DAF2-8A74-4E9B-A45A-EF87F02E5CA0}.Release|Any CPU.Build.0 = Release|Any CPU
	EndGlobalSection
	GlobalSection(SolutionProperties) = preSolution
		HideSolutionNode = FALSE
	EndGlobalSection
	GlobalSection(ExtensibilityGlobals) = postSolution
		SolutionGuid = {F66AC268-53AF-4814-ABF0-D8D1CEEC90D9}
	EndGlobalSection
EndGlobal
